
Microsoft Visual Studio Solution File, Format Version 12.00
# Visual Studio Version 17
VisualStudioVersion = 17.5.33516.290
MinimumVisualStudioVersion = 10.0.40219.1
Project("{FAE04EC0-301F-11D3-BF4B-00C04F79EFBC}") = "AnimalsService", "AnimalsService.csproj", "{F2ACAB00-4400-44EA-9393-380E92EABE30}"
EndProject
Project("{FAE04EC0-301F-11D3-BF4B-00C04F79EFBC}") = "AnimalsStorage", "..\AnimalsStorage\AnimalsStorage.csproj", "{376B7620-665C-41C0-8967-6D01B755BC61}"
EndProject
Global
	GlobalSection(SolutionConfigurationPlatforms) = preSolution
		Debug|Any CPU = Debug|Any CPU
		Release|Any CPU = Release|Any CPU
	EndGlobalSection
	GlobalSection(ProjectConfigurationPlatforms) = postSolution
		{F2ACAB00-4400-44EA-9393-380E92EABE30}.Debug|Any CPU.ActiveCfg = Debug|Any CPU
		{F2ACAB00-4400-44EA-9393-380E92EABE30}.Debug|Any CPU.Build.0 = Debug|Any CPU
		{F2ACAB00-4400-44EA-9393-380E92EABE30}.Release|Any CPU.ActiveCfg = Release|Any CPU
		{F2ACAB00-4400-44EA-9393-380E92EABE30}.Release|Any CPU.Build.0 = Release|Any CPU
		{376B7620-665C-41C0-8967-6D01B755BC61}.Debug|Any CPU.ActiveCfg = Debug|Any CPU
		{376B7620-665C-41C0-8967-6D01B755BC61}.Debug|Any CPU.Build.0 = Debug|Any CPU
		{376B7620-665C-41C0-8967-6D01B755BC61}.Release|Any CPU.ActiveCfg = Release|Any CPU
		{376B7620-665C-41C0-8967-6D01B755BC61}.Release|Any CPU.Build.0 = Release|Any CPU
	EndGlobalSection
	GlobalSection(SolutionProperties) = preSolution
		HideSolutionNode = FALSE
	EndGlobalSection
	GlobalSection(ExtensibilityGlobals) = postSolution
		SolutionGuid = {6C29CDA3-D6DB-47EE-8CB2-309AB879FF1C}
	EndGlobalSection
EndGlobal
